
Microsoft Visual Studio Solution File, Format Version 12.00
# Visual Studio 15
VisualStudioVersion = 15.0.28307.421
MinimumVisualStudioVersion = 10.0.40219.1
Project("{FAE04EC0-301F-11D3-BF4B-00C04F79EFBC}") = "AssemblerIDE", "AssemblerIDE.csproj", "{3F9A45B6-9AA2-4CEC-BCDC-FFE678BDEB1A}"
EndProject
Global
	GlobalSection(SolutionConfigurationPlatforms) = preSolution
		Debug|Any CPU = Debug|Any CPU
		Release|Any CPU = Release|Any CPU
	EndGlobalSection
	GlobalSection(ProjectConfigurationPlatforms) = postSolution
		{3F9A45B6-9AA2-4CEC-BCDC-FFE678BDEB1A}.Debug|Any CPU.ActiveCfg = Debug|Any CPU
		{3F9A45B6-9AA2-4CEC-BCDC-FFE678BDEB1A}.Debug|Any CPU.Build.0 = Debug|Any CPU
		{3F9A45B6-9AA2-4CEC-BCDC-FFE678BDEB1A}.Release|Any CPU.ActiveCfg = Release|Any CPU
		{3F9A45B6-9AA2-4CEC-BCDC-FFE678BDEB1A}.Release|Any CPU.Build.0 = Release|Any CPU
	EndGlobalSection
	GlobalSection(SolutionProperties) = preSolution
		HideSolutionNode = FALSE
	EndGlobalSection
	GlobalSection(ExtensibilityGlobals) = postSolution
		SolutionGuid = {FCD563AF-F79C-4B45-AC55-3C5521A895D6}
	EndGlobalSection
EndGlobal
